
Microsoft Visual Studio Solution File, Format Version 12.00
# Visual Studio 15
VisualStudioVersion = 15.0.26124.0
MinimumVisualStudioVersion = 15.0.26124.0
Project("{FAE04EC0-301F-11D3-BF4B-00C04F79EFBC}") = "UI", "UI\UI.csproj", "{AEBDB0F4-8895-4F96-A767-34AE0864BD79}"
EndProject
Project("{FAE04EC0-301F-11D3-BF4B-00C04F79EFBC}") = "MagicLib", "MagicLib\MagicLib.csproj", "{75F3FD96-5629-4503-9862-9D52E2AC4D0D}"
EndProject
Global
	GlobalSection(SolutionConfigurationPlatforms) = preSolution
		Debug|Any CPU = Debug|Any CPU
		Debug|x64 = Debug|x64
		Debug|x86 = Debug|x86
		Release|Any CPU = Release|Any CPU
		Release|x64 = Release|x64
		Release|x86 = Release|x86
	EndGlobalSection
	GlobalSection(SolutionProperties) = preSolution
		HideSolutionNode = FALSE
	EndGlobalSection
	GlobalSection(ProjectConfigurationPlatforms) = postSolution
		{AEBDB0F4-8895-4F96-A767-34AE0864BD79}.Debug|Any CPU.ActiveCfg = Debug|Any CPU
		{AEBDB0F4-8895-4F96-A767-34AE0864BD79}.Debug|Any CPU.Build.0 = Debug|Any CPU
		{AEBDB0F4-8895-4F96-A767-34AE0864BD79}.Debug|x64.ActiveCfg = Debug|Any CPU
		{AEBDB0F4-8895-4F96-A767-34AE0864BD79}.Debug|x64.Build.0 = Debug|Any CPU
		{AEBDB0F4-8895-4F96-A767-34AE0864BD79}.Debug|x86.ActiveCfg = Debug|Any CPU
		{AEBDB0F4-8895-4F96-A767-34AE0864BD79}.Debug|x86.Build.0 = Debug|Any CPU
		{AEBDB0F4-8895-4F96-A767-34AE0864BD79}.Release|Any CPU.ActiveCfg = Release|Any CPU
		{AEBDB0F4-8895-4F96-A767-34AE0864BD79}.Release|Any CPU.Build.0 = Release|Any CPU
		{AEBDB0F4-8895-4F96-A767-34AE0864BD79}.Release|x64.ActiveCfg = Release|Any CPU
		{AEBDB0F4-8895-4F96-A767-34AE0864BD79}.Release|x64.Build.0 = Release|Any CPU
		{AEBDB0F4-8895-4F96-A767-34AE0864BD79}.Release|x86.ActiveCfg = Release|Any CPU
		{AEBDB0F4-8895-4F96-A767-34AE0864BD79}.Release|x86.Build.0 = Release|Any CPU
		{75F3FD96-5629-4503-9862-9D52E2AC4D0D}.Debug|Any CPU.ActiveCfg = Debug|Any CPU
		{75F3FD96-5629-4503-9862-9D52E2AC4D0D}.Debug|Any CPU.Build.0 = Debug|Any CPU
		{75F3FD96-5629-4503-9862-9D52E2AC4D0D}.Debug|x64.ActiveCfg = Debug|Any CPU
		{75F3FD96-5629-4503-9862-9D52E2AC4D0D}.Debug|x64.Build.0 = Debug|Any CPU
		{75F3FD96-5629-4503-9862-9D52E2AC4D0D}.Debug|x86.ActiveCfg = Debug|Any CPU
		{75F3FD96-5629-4503-9862-9D52E2AC4D0D}.Debug|x86.Build.0 = Debug|Any CPU
		{75F3FD96-5629-4503-9862-9D52E2AC4D0D}.Release|Any CPU.ActiveCfg = Release|Any CPU
		{75F3FD96-5629-4503-9862-9D52E2AC4D0D}.Release|Any CPU.Build.0 = Release|Any CPU
		{75F3FD96-5629-4503-9862-9D52E2AC4D0D}.Release|x64.ActiveCfg = Release|Any CPU
		{75F3FD96-5629-4503-9862-9D52E2AC4D0D}.Release|x64.Build.0 = Release|Any CPU
		{75F3FD96-5629-4503-9862-9D52E2AC4D0D}.Release|x86.ActiveCfg = Release|Any CPU
		{75F3FD96-5629-4503-9862-9D52E2AC4D0D}.Release|x86.Build.0 = Release|Any CPU
	EndGlobalSection
EndGlobal
